# THIS IS AN AUTOGENERATED FILE. DO NOT EDIT THIS FILE DIRECTLY.
# yarn lockfile v1


"@fortawesome/fontawesome-free@^6.2.1":
  version "6.2.1"
  resolved "https://registry.yarnpkg.com/@fortawesome/fontawesome-free/-/fontawesome-free-6.2.1.tgz#344baf6ff9eaad7a73cff067d8c56bfc11ae5304"
  integrity sha512-viouXhegu/TjkvYQoiRZK3aax69dGXxgEjpvZW81wIJdxm5Fnvp3VVIP4VHKqX4SvFw6qpmkILkD4RJWAdrt7A==

reveal.js@^4.4.0:
  version "4.4.0"
  resolved "https://registry.yarnpkg.com/reveal.js/-/reveal.js-4.4.0.tgz#bff589987a842d99bc8f6eb9b2b59f6d9941bf87"
  integrity sha512-jIV6C9V2NEUjGzU8L6dUFGpk1KJmq7/EzP2fOW67ggc2c0Cp/PdprWxZ9Qgp46F0T2ZWDCjQ1p3Ytzy5jA6a2w==
